
Microsoft Visual Studio Solution File, Format Version 12.00
# Visual Studio Version 16
VisualStudioVersion = 16.0.29920.165
MinimumVisualStudioVersion = 10.0.40219.1
Project("{FAE04EC0-301F-11D3-BF4B-00C04F79EFBC}") = "ConquerLoader", "ConquerLoader\ConquerLoader.csproj", "{AF23285A-B4CD-46B1-962D-0CD66A55482B}"
EndProject
Project("{8BC9CEB8-8B4A-11D0-8D11-00A0C91BC942}") = "OpenConquerHook", "..\ConquerHook\CSV3Hook.vcxproj", "{01358812-493C-4A24-8630-F71DF28D47D8}"
EndProject
Project("{FAE04EC0-301F-11D3-BF4B-00C04F79EFBC}") = "ExamplePlugin", "ExamplePlugin\ExamplePlugin.csproj", "{2828D538-96AF-45EC-90FD-22555B20381B}"
EndProject
Project("{FAE04EC0-301F-11D3-BF4B-00C04F79EFBC}") = "CLPluginLoader", "PluginLoader\CLPluginLoader.csproj", "{B3D527DF-7ED0-4F05-9119-989B47B09C63}"
EndProject
Global
	GlobalSection(SolutionConfigurationPlatforms) = preSolution
		Debug|Any CPU = Debug|Any CPU
		Debug|x86 = Debug|x86
		Release|Any CPU = Release|Any CPU
		Release|x86 = Release|x86
	EndGlobalSection
	GlobalSection(ProjectConfigurationPlatforms) = postSolution
		{AF23285A-B4CD-46B1-962D-0CD66A55482B}.Debug|Any CPU.ActiveCfg = Debug|Any CPU
		{AF23285A-B4CD-46B1-962D-0CD66A55482B}.Debug|Any CPU.Build.0 = Debug|Any CPU
		{AF23285A-B4CD-46B1-962D-0CD66A55482B}.Debug|x86.ActiveCfg = Debug|Any CPU
		{AF23285A-B4CD-46B1-962D-0CD66A55482B}.Debug|x86.Build.0 = Debug|Any CPU
		{AF23285A-B4CD-46B1-962D-0CD66A55482B}.Release|Any CPU.ActiveCfg = Release|Any CPU
		{AF23285A-B4CD-46B1-962D-0CD66A55482B}.Release|Any CPU.Build.0 = Release|Any CPU
		{AF23285A-B4CD-46B1-962D-0CD66A55482B}.Release|x86.ActiveCfg = Release|Any CPU
		{AF23285A-B4CD-46B1-962D-0CD66A55482B}.Release|x86.Build.0 = Release|Any CPU
		{01358812-493C-4A24-8630-F71DF28D47D8}.Debug|Any CPU.ActiveCfg = Debug|Win32
		{01358812-493C-4A24-8630-F71DF28D47D8}.Debug|x86.ActiveCfg = Debug|Win32
		{01358812-493C-4A24-8630-F71DF28D47D8}.Debug|x86.Build.0 = Debug|Win32
		{01358812-493C-4A24-8630-F71DF28D47D8}.Release|Any CPU.ActiveCfg = Release|Win32
		{01358812-493C-4A24-8630-F71DF28D47D8}.Release|x86.ActiveCfg = Release|Win32
		{01358812-493C-4A24-8630-F71DF28D47D8}.Release|x86.Build.0 = Release|Win32
		{2828D538-96AF-45EC-90FD-22555B20381B}.Debug|Any CPU.ActiveCfg = Debug|Any CPU
		{2828D538-96AF-45EC-90FD-22555B20381B}.Debug|Any CPU.Build.0 = Debug|Any CPU
		{2828D538-96AF-45EC-90FD-22555B20381B}.Debug|x86.ActiveCfg = Debug|Any CPU
		{2828D538-96AF-45EC-90FD-22555B20381B}.Debug|x86.Build.0 = Debug|Any CPU
		{2828D538-96AF-45EC-90FD-22555B20381B}.Release|Any CPU.ActiveCfg = Release|Any CPU
		{2828D538-96AF-45EC-90FD-22555B20381B}.Release|Any CPU.Build.0 = Release|Any CPU
		{2828D538-96AF-45EC-90FD-22555B20381B}.Release|x86.ActiveCfg = Release|Any CPU
		{2828D538-96AF-45EC-90FD-22555B20381B}.Release|x86.Build.0 = Release|Any CPU
		{B3D527DF-7ED0-4F05-9119-989B47B09C63}.Debug|Any CPU.ActiveCfg = Debug|Any CPU
		{B3D527DF-7ED0-4F05-9119-989B47B09C63}.Debug|Any CPU.Build.0 = Debug|Any CPU
		{B3D527DF-7ED0-4F05-9119-989B47B09C63}.Debug|x86.ActiveCfg = Debug|Any CPU
		{B3D527DF-7ED0-4F05-9119-989B47B09C63}.Debug|x86.Build.0 = Debug|Any CPU
		{B3D527DF-7ED0-4F05-9119-989B47B09C63}.Release|Any CPU.ActiveCfg = Release|Any CPU
		{B3D527DF-7ED0-4F05-9119-989B47B09C63}.Release|Any CPU.Build.0 = Release|Any CPU
		{B3D527DF-7ED0-4F05-9119-989B47B09C63}.Release|x86.ActiveCfg = Release|Any CPU
		{B3D527DF-7ED0-4F05-9119-989B47B09C63}.Release|x86.Build.0 = Release|Any CPU
	EndGlobalSection
	GlobalSection(SolutionProperties) = preSolution
		HideSolutionNode = FALSE
	EndGlobalSection
	GlobalSection(ExtensibilityGlobals) = postSolution
		SolutionGuid = {D9BADF98-3943-4619-A244-EA55B9C047B7}
	EndGlobalSection
EndGlobal
